{
  "name": "springboot",
  "lockfileVersion": 3,
  "requires": true,
  "packages": {
    "": {
      "dependencies": {
        "vue-router": "^3.6.5"
      }
    },
    "node_modules/vue-router": {
      "version": "3.6.5",
      "resolved": "http://mirrors.cloud.tencent.com/npm/vue-router/-/vue-router-3.6.5.tgz",
      "integrity": "sha512-VYXZQLtjuvKxxcshuRAwjHnciqZVoXAjTjcqBTz4rKc8qih9g9pI3hbDjmqXaHdgL3v8pV6P8Z335XvHzESxLQ=="
    }
  }
}
